// !$*UTF8*$!
{
	archiveVersion = 1;
	classes = {
	};
	objectVersion = 51;
	objects = {

/* Begin PBXBuildFile section */
		375469F426076328008FED87 /* SettingsViewController.swift in Sources */ = {isa = PBXBuildFile; fileRef = 375469F326076328008FED87 /* SettingsViewController.swift */; };
		375E489E25E825C100876195 /* AppDelegate.swift in Sources */ = {isa = PBXBuildFile; fileRef = 375E489D25E825C100876195 /* AppDelegate.swift */; };
		375E48A025E825C100876195 /* SceneDelegate.swift in Sources */ = {isa = PBXBuildFile; fileRef = 375E489F25E825C100876195 /* SceneDelegate.swift */; };
		375E48A225E825C100876195 /* ViewController.swift in Sources */ = {isa = PBXBuildFile; fileRef = 375E48A125E825C100876195 /* ViewController.swift */; };
		375E48A525E825C100876195 /* Main.storyboard in Resources */ = {isa = PBXBuildFile; fileRef = 375E48A325E825C100876195 /* Main.storyboard */; };
		375E48A725E825C200876195 /* Assets.xcassets in Resources */ = {isa = PBXBuildFile; fileRef = 375E48A625E825C200876195 /* Assets.xcassets */; };
		375E48AA25E825C200876195 /* LaunchScreen.storyboard in Resources */ = {isa = PBXBuildFile; fileRef = 375E48A825E825C200876195 /* LaunchScreen.storyboard */; };
		375E48B525E825C200876195 /* proyectoFinCurso2APPSGPMTests.swift in Sources */ = {isa = PBXBuildFile; fileRef = 375E48B425E825C200876195 /* proyectoFinCurso2APPSGPMTests.swift */; };
		375E48C025E825C200876195 /* proyectoFinCurso2APPSGPMUITests.swift in Sources */ = {isa = PBXBuildFile; fileRef = 375E48BF25E825C200876195 /* proyectoFinCurso2APPSGPMUITests.swift */; };
		375E48D125E8271900876195 /* RegisterViewController.swift in Sources */ = {isa = PBXBuildFile; fileRef = 375E48D025E8271900876195 /* RegisterViewController.swift */; };
		375E48D625E827D900876195 /* LoginViewController.swift in Sources */ = {isa = PBXBuildFile; fileRef = 375E48D525E827D900876195 /* LoginViewController.swift */; };
		375E48DB25E82B9B00876195 /* UserViewController.swift in Sources */ = {isa = PBXBuildFile; fileRef = 375E48DA25E82B9B00876195 /* UserViewController.swift */; };
		375E48E025E82CC200876195 /* UsersListViewController.swift in Sources */ = {isa = PBXBuildFile; fileRef = 375E48DF25E82CC200876195 /* UsersListViewController.swift */; };
		375E48E525E82D8F00876195 /* RecuperarViewController.swift in Sources */ = {isa = PBXBuildFile; fileRef = 375E48E425E82D8F00876195 /* RecuperarViewController.swift */; };
		375E48EA25E8364400876195 /* FirebaseNetworkManager.swift in Sources */ = {isa = PBXBuildFile; fileRef = 375E48E925E8364400876195 /* FirebaseNetworkManager.swift */; };
		376A7CD525F56B6F005D380D /* ChangePasswordController.swift in Sources */ = {isa = PBXBuildFile; fileRef = 376A7CD425F56B6F005D380D /* ChangePasswordController.swift */; };
		376A7CDA25F586C5005D380D /* UserContactRelation.swift in Sources */ = {isa = PBXBuildFile; fileRef = 376A7CD925F586C5005D380D /* UserContactRelation.swift */; };
		3788B7B02603D85F00AAD345 /* GoogleService-Info.plist in Resources */ = {isa = PBXBuildFile; fileRef = 3788B7AF2603D85F00AAD345 /* GoogleService-Info.plist */; };
		37C26F9925F4F05E003BBDDE /* DatabaseController.swift in Sources */ = {isa = PBXBuildFile; fileRef = 37C26F9825F4F05E003BBDDE /* DatabaseController.swift */; };
		37C26F9E25F4F394003BBDDE /* UserController.swift in Sources */ = {isa = PBXBuildFile; fileRef = 37C26F9D25F4F394003BBDDE /* UserController.swift */; };
		3BDDF921375DD1BFFFEF9700 /* Pods_proyectoFinCurso2APPSGPM.framework in Frameworks */ = {isa = PBXBuildFile; fileRef = BBF5B8F23595C3FCA09B661A /* Pods_proyectoFinCurso2APPSGPM.framework */; };
		3D4D2D75D70D74E5266EE100 /* Pods_proyectoFinCurso2APPSGPMTests.framework in Frameworks */ = {isa = PBXBuildFile; fileRef = D4B489360D61E003BDE74AF2 /* Pods_proyectoFinCurso2APPSGPMTests.framework */; };
		6A475F7C90848E18DAB7CDC8 /* Pods_proyectoFinCurso2APPSGPM_proyectoFinCurso2APPSGPMUITests.framework in Frameworks */ = {isa = PBXBuildFile; fileRef = 87353C3093A549C45C0B8456 /* Pods_proyectoFinCurso2APPSGPM_proyectoFinCurso2APPSGPMUITests.framework */; };
/* End PBXBuildFile section */

/* Begin PBXContainerItemProxy section */
		375E48B125E825C200876195 /* PBXContainerItemProxy */ = {
			isa = PBXContainerItemProxy;
			containerPortal = 375E489225E825C000876195 /* Project object */;
			proxyType = 1;
			remoteGlobalIDString = 375E489925E825C000876195;
			remoteInfo = proyectoFinCurso2APPSGPM;
		};
		375E48BC25E825C200876195 /* PBXContainerItemProxy */ = {
			isa = PBXContainerItemProxy;
			containerPortal = 375E489225E825C000876195 /* Project object */;
			proxyType = 1;
			remoteGlobalIDString = 375E489925E825C000876195;
			remoteInfo = proyectoFinCurso2APPSGPM;
		};
/* End PBXContainerItemProxy section */

/* Begin PBXFileReference section */
		203B034D3F62EC399CB0E1C3 /* Pods-proyectoFinCurso2APPSGPM-proyectoFinCurso2APPSGPMUITests.release.xcconfig */ = {isa = PBXFileReference; includeInIndex = 1; lastKnownFileType = text.xcconfig; name = "Pods-proyectoFinCurso2APPSGPM-proyectoFinCurso2APPSGPMUITests.release.xcconfig"; path = "Target Support Files/Pods-proyectoFinCurso2APPSGPM-proyectoFinCurso2APPSGPMUITests/Pods-proyectoFinCurso2APPSGPM-proyectoFinCurso2APPSGPMUITests.release.xcconfig"; sourceTree = "<group>"; };
		28351CE07C839FD6FC77060C /* Pods-proyectoFinCurso2APPSGPM-proyectoFinCurso2APPSGPMUITests.debug.xcconfig */ = {isa = PBXFileReference; includeInIndex = 1; lastKnownFileType = text.xcconfig; name = "Pods-proyectoFinCurso2APPSGPM-proyectoFinCurso2APPSGPMUITests.debug.xcconfig"; path = "Target Support Files/Pods-proyectoFinCurso2APPSGPM-proyectoFinCurso2APPSGPMUITests/Pods-proyectoFinCurso2APPSGPM-proyectoFinCurso2APPSGPMUITests.debug.xcconfig"; sourceTree = "<group>"; };
		375469F326076328008FED87 /* SettingsViewController.swift */ = {isa = PBXFileReference; lastKnownFileType = sourcecode.swift; path = SettingsViewController.swift; sourceTree = "<group>"; };
		375E489A25E825C000876195 /* proyectoFinCurso2APPSGPM.app */ = {isa = PBXFileReference; explicitFileType = wrapper.application; includeInIndex = 0; path = proyectoFinCurso2APPSGPM.app; sourceTree = BUILT_PRODUCTS_DIR; };
		375E489D25E825C100876195 /* AppDelegate.swift */ = {isa = PBXFileReference; lastKnownFileType = sourcecode.swift; path = AppDelegate.swift; sourceTree = "<group>"; };
		375E489F25E825C100876195 /* SceneDelegate.swift */ = {isa = PBXFileReference; lastKnownFileType = sourcecode.swift; path = SceneDelegate.swift; sourceTree = "<group>"; };
		375E48A125E825C100876195 /* ViewController.swift */ = {isa = PBXFileReference; lastKnownFileType = sourcecode.swift; path = ViewController.swift; sourceTree = "<group>"; };
		375E48A425E825C100876195 /* Base */ = {isa = PBXFileReference; lastKnownFileType = file.storyboard; name = Base; path = Base.lproj/Main.storyboard; sourceTree = "<group>"; };
		375E48A625E825C200876195 /* Assets.xcassets */ = {isa = PBXFileReference; lastKnownFileType = folder.assetcatalog; path = Assets.xcassets; sourceTree = "<group>"; };
		375E48A925E825C200876195 /* Base */ = {isa = PBXFileReference; lastKnownFileType = file.storyboard; name = Base; path = Base.lproj/LaunchScreen.storyboard; sourceTree = "<group>"; };
		375E48AB25E825C200876195 /* Info.plist */ = {isa = PBXFileReference; lastKnownFileType = text.plist.xml; path = Info.plist; sourceTree = "<group>"; };
		375E48B025E825C200876195 /* proyectoFinCurso2APPSGPMTests.xctest */ = {isa = PBXFileReference; explicitFileType = wrapper.cfbundle; includeInIndex = 0; path = proyectoFinCurso2APPSGPMTests.xctest; sourceTree = BUILT_PRODUCTS_DIR; };
		375E48B425E825C200876195 /* proyectoFinCurso2APPSGPMTests.swift */ = {isa = PBXFileReference; lastKnownFileType = sourcecode.swift; path = proyectoFinCurso2APPSGPMTests.swift; sourceTree = "<group>"; };
		375E48B625E825C200876195 /* Info.plist */ = {isa = PBXFileReference; lastKnownFileType = text.plist.xml; path = Info.plist; sourceTree = "<group>"; };
		375E48BB25E825C200876195 /* proyectoFinCurso2APPSGPMUITests.xctest */ = {isa = PBXFileReference; explicitFileType = wrapper.cfbundle; includeInIndex = 0; path = proyectoFinCurso2APPSGPMUITests.xctest; sourceTree = BUILT_PRODUCTS_DIR; };
		375E48BF25E825C200876195 /* proyectoFinCurso2APPSGPMUITests.swift */ = {isa = PBXFileReference; lastKnownFileType = sourcecode.swift; path = proyectoFinCurso2APPSGPMUITests.swift; sourceTree = "<group>"; };
		375E48C125E825C200876195 /* Info.plist */ = {isa = PBXFileReference; lastKnownFileType = text.plist.xml; path = Info.plist; sourceTree = "<group>"; };
		375E48D025E8271900876195 /* RegisterViewController.swift */ = {isa = PBXFileReference; lastKnownFileType = sourcecode.swift; path = RegisterViewController.swift; sourceTree = "<group>"; };
		375E48D525E827D900876195 /* LoginViewController.swift */ = {isa = PBXFileReference; lastKnownFileType = sourcecode.swift; path = LoginViewController.swift; sourceTree = "<group>"; };
		375E48DA25E82B9B00876195 /* UserViewController.swift */ = {isa = PBXFileReference; lastKnownFileType = sourcecode.swift; path = UserViewController.swift; sourceTree = "<group>"; };
		375E48DF25E82CC200876195 /* UsersListViewController.swift */ = {isa = PBXFileReference; lastKnownFileType = sourcecode.swift; path = UsersListViewController.swift; sourceTree = "<group>"; };
		375E48E425E82D8F00876195 /* RecuperarViewController.swift */ = {isa = PBXFileReference; lastKnownFileType = sourcecode.swift; path = RecuperarViewController.swift; sourceTree = "<group>"; };
		375E48E925E8364400876195 /* FirebaseNetworkManager.swift */ = {isa = PBXFileReference; lastKnownFileType = sourcecode.swift; path = FirebaseNetworkManager.swift; sourceTree = "<group>"; };
		376A7CD425F56B6F005D380D /* ChangePasswordController.swift */ = {isa = PBXFileReference; lastKnownFileType = sourcecode.swift; path = ChangePasswordController.swift; sourceTree = "<group>"; };
		376A7CD925F586C5005D380D /* UserContactRelation.swift */ = {isa = PBXFileReference; lastKnownFileType = sourcecode.swift; path = UserContactRelation.swift; sourceTree = "<group>"; };
		3788B7AF2603D85F00AAD345 /* GoogleService-Info.plist */ = {isa = PBXFileReference; fileEncoding = 4; lastKnownFileType = text.plist.xml; path = "GoogleService-Info.plist"; sourceTree = "<group>"; };
		37C26F9825F4F05E003BBDDE /* DatabaseController.swift */ = {isa = PBXFileReference; lastKnownFileType = sourcecode.swift; path = DatabaseController.swift; sourceTree = "<group>"; };
		37C26F9D25F4F394003BBDDE /* UserController.swift */ = {isa = PBXFileReference; lastKnownFileType = sourcecode.swift; path = UserController.swift; sourceTree = "<group>"; };
		4CD9EB1A0808C92FD6A5EB14 /* Pods-proyectoFinCurso2APPSGPM.release.xcconfig */ = {isa = PBXFileReference; includeInIndex = 1; lastKnownFileType = text.xcconfig; name = "Pods-proyectoFinCurso2APPSGPM.release.xcconfig"; path = "Target Support Files/Pods-proyectoFinCurso2APPSGPM/Pods-proyectoFinCurso2APPSGPM.release.xcconfig"; sourceTree = "<group>"; };
		726985FFB936A00F5A498AFA /* Pods-proyectoFinCurso2APPSGPMTests.debug.xcconfig */ = {isa = PBXFileReference; includeInIndex = 1; lastKnownFileType = text.xcconfig; name = "Pods-proyectoFinCurso2APPSGPMTests.debug.xcconfig"; path = "Target Support Files/Pods-proyectoFinCurso2APPSGPMTests/Pods-proyectoFinCurso2APPSGPMTests.debug.xcconfig"; sourceTree = "<group>"; };
		87353C3093A549C45C0B8456 /* Pods_proyectoFinCurso2APPSGPM_proyectoFinCurso2APPSGPMUITests.framework */ = {isa = PBXFileReference; explicitFileType = wrapper.framework; includeInIndex = 0; path = Pods_proyectoFinCurso2APPSGPM_proyectoFinCurso2APPSGPMUITests.framework; sourceTree = BUILT_PRODUCTS_DIR; };
		8844B5798591A08D4A33DE0C /* Pods-proyectoFinCurso2APPSGPMTests.release.xcconfig */ = {isa = PBXFileReference; includeInIndex = 1; lastKnownFileType = text.xcconfig; name = "Pods-proyectoFinCurso2APPSGPMTests.release.xcconfig"; path = "Target Support Files/Pods-proyectoFinCurso2APPSGPMTests/Pods-proyectoFinCurso2APPSGPMTests.release.xcconfig"; sourceTree = "<group>"; };
		BBF5B8F23595C3FCA09B661A /* Pods_proyectoFinCurso2APPSGPM.framework */ = {isa = PBXFileReference; explicitFileType = wrapper.framework; includeInIndex = 0; path = Pods_proyectoFinCurso2APPSGPM.framework; sourceTree = BUILT_PRODUCTS_DIR; };
		C0A9299BD1B309F1A6CA438B /* Pods-proyectoFinCurso2APPSGPM.debug.xcconfig */ = {isa = PBXFileReference; includeInIndex = 1; lastKnownFileType = text.xcconfig; name = "Pods-proyectoFinCurso2APPSGPM.debug.xcconfig"; path = "Target Support Files/Pods-proyectoFinCurso2APPSGPM/Pods-proyectoFinCurso2APPSGPM.debug.xcconfig"; sourceTree = "<group>"; };
		D4B489360D61E003BDE74AF2 /* Pods_proyectoFinCurso2APPSGPMTests.framework */ = {isa = PBXFileReference; explicitFileType = wrapper.framework; includeInIndex = 0; path = Pods_proyectoFinCurso2APPSGPMTests.framework; sourceTree = BUILT_PRODUCTS_DIR; };
/* End PBXFileReference section */

/* Begin PBXFrameworksBuildPhase section */
		375E489725E825C000876195 /* Frameworks */ = {
			isa = PBXFrameworksBuildPhase;
			buildActionMask = 2147483647;
			files = (
				3BDDF921375DD1BFFFEF9700 /* Pods_proyectoFinCurso2APPSGPM.framework in Frameworks */,
			);
			runOnlyForDeploymentPostprocessing = 0;
		};
		375E48AD25E825C200876195 /* Frameworks */ = {
			isa = PBXFrameworksBuildPhase;
			buildActionMask = 2147483647;
			files = (
				3D4D2D75D70D74E5266EE100 /* Pods_proyectoFinCurso2APPSGPMTests.framework in Frameworks */,
			);
			runOnlyForDeploymentPostprocessing = 0;
		};
		375E48B825E825C200876195 /* Frameworks */ = {
			isa = PBXFrameworksBuildPhase;
			buildActionMask = 2147483647;
			files = (
				6A475F7C90848E18DAB7CDC8 /* Pods_proyectoFinCurso2APPSGPM_proyectoFinCurso2APPSGPMUITests.framework in Frameworks */,
			);
			runOnlyForDeploymentPostprocessing = 0;
		};
/* End PBXFrameworksBuildPhase section */

/* Begin PBXGroup section */
		1EF262EAC9CC63F3C39D8CCF /* Pods */ = {
			isa = PBXGroup;
			children = (
				C0A9299BD1B309F1A6CA438B /* Pods-proyectoFinCurso2APPSGPM.debug.xcconfig */,
				4CD9EB1A0808C92FD6A5EB14 /* Pods-proyectoFinCurso2APPSGPM.release.xcconfig */,
				28351CE07C839FD6FC77060C /* Pods-proyectoFinCurso2APPSGPM-proyectoFinCurso2APPSGPMUITests.debug.xcconfig */,
				203B034D3F62EC399CB0E1C3 /* Pods-proyectoFinCurso2APPSGPM-proyectoFinCurso2APPSGPMUITests.release.xcconfig */,
				726985FFB936A00F5A498AFA /* Pods-proyectoFinCurso2APPSGPMTests.debug.xcconfig */,
				8844B5798591A08D4A33DE0C /* Pods-proyectoFinCurso2APPSGPMTests.release.xcconfig */,
			);
			path = Pods;
			sourceTree = "<group>";
		};
		375E489125E825C000876195 = {
			isa = PBXGroup;
			children = (
				375E489C25E825C000876195 /* proyectoFinCurso2APPSGPM */,
				375E48B325E825C200876195 /* proyectoFinCurso2APPSGPMTests */,
				375E48BE25E825C200876195 /* proyectoFinCurso2APPSGPMUITests */,
				375E489B25E825C000876195 /* Products */,
				1EF262EAC9CC63F3C39D8CCF /* Pods */,
				84171F9B02CC1D374DE17AC7 /* Frameworks */,
			);
			sourceTree = "<group>";
		};
		375E489B25E825C000876195 /* Products */ = {
			isa = PBXGroup;
			children = (
				375E489A25E825C000876195 /* proyectoFinCurso2APPSGPM.app */,
				375E48B025E825C200876195 /* proyectoFinCurso2APPSGPMTests.xctest */,
				375E48BB25E825C200876195 /* proyectoFinCurso2APPSGPMUITests.xctest */,
			);
			name = Products;
			sourceTree = "<group>";
		};
		375E489C25E825C000876195 /* proyectoFinCurso2APPSGPM */ = {
			isa = PBXGroup;
			children = (
				37C26F9725F4EFF3003BBDDE /* FalseDatabase */,
				375E489D25E825C100876195 /* AppDelegate.swift */,
				375E489F25E825C100876195 /* SceneDelegate.swift */,
				375E48A125E825C100876195 /* ViewController.swift */,
				376A7CD425F56B6F005D380D /* ChangePasswordController.swift */,
				375E48D525E827D900876195 /* LoginViewController.swift */,
				375469F326076328008FED87 /* SettingsViewController.swift */,
				375E48D025E8271900876195 /* RegisterViewController.swift */,
				375E48E425E82D8F00876195 /* RecuperarViewController.swift */,
				375E48DA25E82B9B00876195 /* UserViewController.swift */,
				375E48DF25E82CC200876195 /* UsersListViewController.swift */,
				375E48E925E8364400876195 /* FirebaseNetworkManager.swift */,
				375E48A325E825C100876195 /* Main.storyboard */,
				375E48A625E825C200876195 /* Assets.xcassets */,
				375E48A825E825C200876195 /* LaunchScreen.storyboard */,
				3788B7AF2603D85F00AAD345 /* GoogleService-Info.plist */,
				375E48AB25E825C200876195 /* Info.plist */,
			);
			path = proyectoFinCurso2APPSGPM;
			sourceTree = "<group>";
		};
		375E48B325E825C200876195 /* proyectoFinCurso2APPSGPMTests */ = {
			isa = PBXGroup;
			children = (
				375E48B425E825C200876195 /* proyectoFinCurso2APPSGPMTests.swift */,
				375E48B625E825C200876195 /* Info.plist */,
			);
			path = proyectoFinCurso2APPSGPMTests;
			sourceTree = "<group>";
		};
		375E48BE25E825C200876195 /* proyectoFinCurso2APPSGPMUITests */ = {
			isa = PBXGroup;
			children = (
				375E48BF25E825C200876195 /* proyectoFinCurso2APPSGPMUITests.swift */,
				375E48C125E825C200876195 /* Info.plist */,
			);
			path = proyectoFinCurso2APPSGPMUITests;
			sourceTree = "<group>";
		};
		37C26F9725F4EFF3003BBDDE /* FalseDatabase */ = {
			isa = PBXGroup;
			children = (
				37C26F9825F4F05E003BBDDE /* DatabaseController.swift */,
				37C26F9D25F4F394003BBDDE /* UserController.swift */,
				376A7CD925F586C5005D380D /* UserContactRelation.swift */,
			);
			path = FalseDatabase;
			sourceTree = "<group>";
		};
		84171F9B02CC1D374DE17AC7 /* Frameworks */ = {
			isa = PBXGroup;
			children = (
				BBF5B8F23595C3FCA09B661A /* Pods_proyectoFinCurso2APPSGPM.framework */,
				87353C3093A549C45C0B8456 /* Pods_proyectoFinCurso2APPSGPM_proyectoFinCurso2APPSGPMUITests.framework */,
				D4B489360D61E003BDE74AF2 /* Pods_proyectoFinCurso2APPSGPMTests.framework */,
			);
			name = Frameworks;
			sourceTree = "<group>";
		};
/* End PBXGroup section */

/* Begin PBXNativeTarget section */
		375E489925E825C000876195 /* proyectoFinCurso2APPSGPM */ = {
			isa = PBXNativeTarget;
			buildConfigurationList = 375E48C425E825C200876195 /* Build configuration list for PBXNativeTarget "proyectoFinCurso2APPSGPM" */;
			buildPhases = (
				470735E0456FA44C5C8FCC9B /* [CP] Check Pods Manifest.lock */,
				375E489625E825C000876195 /* Sources */,
				375E489725E825C000876195 /* Frameworks */,
				375E489825E825C000876195 /* Resources */,
				0E22E228066D34B3BF34D2A9 /* [CP] Embed Pods Frameworks */,
			);
			buildRules = (
			);
			dependencies = (
			);
			name = proyectoFinCurso2APPSGPM;
			productName = proyectoFinCurso2APPSGPM;
			productReference = 375E489A25E825C000876195 /* proyectoFinCurso2APPSGPM.app */;
			productType = "com.apple.product-type.application";
		};
		375E48AF25E825C200876195 /* proyectoFinCurso2APPSGPMTests */ = {
			isa = PBXNativeTarget;
			buildConfigurationList = 375E48C725E825C200876195 /* Build configuration list for PBXNativeTarget "proyectoFinCurso2APPSGPMTests" */;
			buildPhases = (
				D15B68B3E442AB99A7C7B5E5 /* [CP] Check Pods Manifest.lock */,
				375E48AC25E825C200876195 /* Sources */,
				375E48AD25E825C200876195 /* Frameworks */,
				375E48AE25E825C200876195 /* Resources */,
			);
			buildRules = (
			);
			dependencies = (
				375E48B225E825C200876195 /* PBXTargetDependency */,
			);
			name = proyectoFinCurso2APPSGPMTests;
			productName = proyectoFinCurso2APPSGPMTests;
			productReference = 375E48B025E825C200876195 /* proyectoFinCurso2APPSGPMTests.xctest */;
			productType = "com.apple.product-type.bundle.unit-test";
		};
		375E48BA25E825C200876195 /* proyectoFinCurso2APPSGPMUITests */ = {
			isa = PBXNativeTarget;
			buildConfigurationList = 375E48CA25E825C200876195 /* Build configuration list for PBXNativeTarget "proyectoFinCurso2APPSGPMUITests" */;
			buildPhases = (
				BAE5A99F5C3A5F6CD86CB0B5 /* [CP] Check Pods Manifest.lock */,
				375E48B725E825C200876195 /* Sources */,
				375E48B825E825C200876195 /* Frameworks */,
				375E48B925E825C200876195 /* Resources */,
				9CE4335F42167D4B22301B22 /* [CP] Embed Pods Frameworks */,
			);
			buildRules = (
			);
			dependencies = (
				375E48BD25E825C200876195 /* PBXTargetDependency */,
			);
			name = proyectoFinCurso2APPSGPMUITests;
			productName = proyectoFinCurso2APPSGPMUITests;
			productReference = 375E48BB25E825C200876195 /* proyectoFinCurso2APPSGPMUITests.xctest */;
			productType = "com.apple.product-type.bundle.ui-testing";
		};
/* End PBXNativeTarget section */

/* Begin PBXProject section */
		375E489225E825C000876195 /* Project object */ = {
			isa = PBXProject;
			attributes = {
				LastSwiftUpdateCheck = 1240;
				LastUpgradeCheck = 1240;
				TargetAttributes = {
					375E489925E825C000876195 = {
						CreatedOnToolsVersion = 12.4;
					};
					375E48AF25E825C200876195 = {
						CreatedOnToolsVersion = 12.4;
						TestTargetID = 375E489925E825C000876195;
					};
					375E48BA25E825C200876195 = {
						CreatedOnToolsVersion = 12.4;
						TestTargetID = 375E489925E825C000876195;
					};
				};
			};
			buildConfigurationList = 375E489525E825C000876195 /* Build configuration list for PBXProject "proyectoFinCurso2APPSGPM" */;
			compatibilityVersion = "Xcode 9.3";
			developmentRegion = en;
			hasScannedForEncodings = 0;
			knownRegions = (
				en,
				Base,
			);
			mainGroup = 375E489125E825C000876195;
			productRefGroup = 375E489B25E825C000876195 /* Products */;
			projectDirPath = "";
			projectRoot = "";
			targets = (
				375E489925E825C000876195 /* proyectoFinCurso2APPSGPM */,
				375E48AF25E825C200876195 /* proyectoFinCurso2APPSGPMTests */,
				375E48BA25E825C200876195 /* proyectoFinCurso2APPSGPMUITests */,
			);
		};
/* End PBXProject section */

/* Begin PBXResourcesBuildPhase section */
		375E489825E825C000876195 /* Resources */ = {
			isa = PBXResourcesBuildPhase;
			buildActionMask = 2147483647;
			files = (
				375E48AA25E825C200876195 /* LaunchScreen.storyboard in Resources */,
				3788B7B02603D85F00AAD345 /* GoogleService-Info.plist in Resources */,
				375E48A725E825C200876195 /* Assets.xcassets in Resources */,
				375E48A525E825C100876195 /* Main.storyboard in Resources */,
			);
			runOnlyForDeploymentPostprocessing = 0;
		};
		375E48AE25E825C200876195 /* Resources */ = {
			isa = PBXResourcesBuildPhase;
			buildActionMask = 2147483647;
			files = (
			);
			runOnlyForDeploymentPostprocessing = 0;
		};
		375E48B925E825C200876195 /* Resources */ = {
			isa = PBXResourcesBuildPhase;
			buildActionMask = 2147483647;
			files = (
			);
			runOnlyForDeploymentPostprocessing = 0;
		};
/* End PBXResourcesBuildPhase section */

/* Begin PBXShellScriptBuildPhase section */
		0E22E228066D34B3BF34D2A9 /* [CP] Embed Pods Frameworks */ = {
			isa = PBXShellScriptBuildPhase;
			buildActionMask = 2147483647;
			files = (
			);
			inputFileListPaths = (
				"${PODS_ROOT}/Target Support Files/Pods-proyectoFinCurso2APPSGPM/Pods-proyectoFinCurso2APPSGPM-frameworks-${CONFIGURATION}-input-files.xcfilelist",
			);
			name = "[CP] Embed Pods Frameworks";
			outputFileListPaths = (
				"${PODS_ROOT}/Target Support Files/Pods-proyectoFinCurso2APPSGPM/Pods-proyectoFinCurso2APPSGPM-frameworks-${CONFIGURATION}-output-files.xcfilelist",
			);
			runOnlyForDeploymentPostprocessing = 0;
			shellPath = /bin/sh;
			shellScript = "\"${PODS_ROOT}/Target Support Files/Pods-proyectoFinCurso2APPSGPM/Pods-proyectoFinCurso2APPSGPM-frameworks.sh\"\n";
			showEnvVarsInLog = 0;
		};
		470735E0456FA44C5C8FCC9B /* [CP] Check Pods Manifest.lock */ = {
			isa = PBXShellScriptBuildPhase;
			buildActionMask = 2147483647;
			files = (
			);
			inputFileListPaths = (
			);
			inputPaths = (
				"${PODS_PODFILE_DIR_PATH}/Podfile.lock",
				"${PODS_ROOT}/Manifest.lock",
			);
			name = "[CP] Check Pods Manifest.lock";
			outputFileListPaths = (
			);
			outputPaths = (
				"$(DERIVED_FILE_DIR)/Pods-proyectoFinCurso2APPSGPM-checkManifestLockResult.txt",
			);
			runOnlyForDeploymentPostprocessing = 0;
			shellPath = /bin/sh;
			shellScript = "diff \"${PODS_PODFILE_DIR_PATH}/Podfile.lock\" \"${PODS_ROOT}/Manifest.lock\" > /dev/null\nif [ $? != 0 ] ; then\n    # print error to STDERR\n    echo \"error: The sandbox is not in sync with the Podfile.lock. Run 'pod install' or update your CocoaPods installation.\" >&2\n    exit 1\nfi\n# This output is used by Xcode 'outputs' to avoid re-running this script phase.\necho \"SUCCESS\" > \"${SCRIPT_OUTPUT_FILE_0}\"\n";
			showEnvVarsInLog = 0;
		};
		9CE4335F42167D4B22301B22 /* [CP] Embed Pods Frameworks */ = {
			isa = PBXShellScriptBuildPhase;
			buildActionMask = 2147483647;
			files = (
			);
			inputFileListPaths = (
				"${PODS_ROOT}/Target Support Files/Pods-proyectoFinCurso2APPSGPM-proyectoFinCurso2APPSGPMUITests/Pods-proyectoFinCurso2APPSGPM-proyectoFinCurso2APPSGPMUITests-frameworks-${CONFIGURATION}-input-files.xcfilelist",
			);
			name = "[CP] Embed Pods Frameworks";
			outputFileListPaths = (
				"${PODS_ROOT}/Target Support Files/Pods-proyectoFinCurso2APPSGPM-proyectoFinCurso2APPSGPMUITests/Pods-proyectoFinCurso2APPSGPM-proyectoFinCurso2APPSGPMUITests-frameworks-${CONFIGURATION}-output-files.xcfilelist",
			);
			runOnlyForDeploymentPostprocessing = 0;
			shellPath = /bin/sh;
			shellScript = "\"${PODS_ROOT}/Target Support Files/Pods-proyectoFinCurso2APPSGPM-proyectoFinCurso2APPSGPMUITests/Pods-proyectoFinCurso2APPSGPM-proyectoFinCurso2APPSGPMUITests-frameworks.sh\"\n";
			showEnvVarsInLog = 0;
		};
		BAE5A99F5C3A5F6CD86CB0B5 /* [CP] Check Pods Manifest.lock */ = {
			isa = PBXShellScriptBuildPhase;
			buildActionMask = 2147483647;
			files = (
			);
			inputFileListPaths = (
			);
			inputPaths = (
				"${PODS_PODFILE_DIR_PATH}/Podfile.lock",
				"${PODS_ROOT}/Manifest.lock",
			);
			name = "[CP] Check Pods Manifest.lock";
			outputFileListPaths = (
			);
			outputPaths = (
				"$(DERIVED_FILE_DIR)/Pods-proyectoFinCurso2APPSGPM-proyectoFinCurso2APPSGPMUITests-checkManifestLockResult.txt",
			);
			runOnlyForDeploymentPostprocessing = 0;
			shellPath = /bin/sh;
			shellScript = "diff \"${PODS_PODFILE_DIR_PATH}/Podfile.lock\" \"${PODS_ROOT}/Manifest.lock\" > /dev/null\nif [ $? != 0 ] ; then\n    # print error to STDERR\n    echo \"error: The sandbox is not in sync with the Podfile.lock. Run 'pod install' or update your CocoaPods installation.\" >&2\n    exit 1\nfi\n# This output is used by Xcode 'outputs' to avoid re-running this script phase.\necho \"SUCCESS\" > \"${SCRIPT_OUTPUT_FILE_0}\"\n";
			showEnvVarsInLog = 0;
		};
		D15B68B3E442AB99A7C7B5E5 /* [CP] Check Pods Manifest.lock */ = {
			isa = PBXShellScriptBuildPhase;
			buildActionMask = 2147483647;
			files = (
			);
			inputFileListPaths = (
			);
			inputPaths = (
				"${PODS_PODFILE_DIR_PATH}/Podfile.lock",
				"${PODS_ROOT}/Manifest.lock",
			);
			name = "[CP] Check Pods Manifest.lock";
			outputFileListPaths = (
			);
			outputPaths = (
				"$(DERIVED_FILE_DIR)/Pods-proyectoFinCurso2APPSGPMTests-checkManifestLockResult.txt",
			);
			runOnlyForDeploymentPostprocessing = 0;
			shellPath = /bin/sh;
			shellScript = "diff \"${PODS_PODFILE_DIR_PATH}/Podfile.lock\" \"${PODS_ROOT}/Manifest.lock\" > /dev/null\nif [ $? != 0 ] ; then\n    # print error to STDERR\n    echo \"error: The sandbox is not in sync with the Podfile.lock. Run 'pod install' or update your CocoaPods installation.\" >&2\n    exit 1\nfi\n# This output is used by Xcode 'outputs' to avoid re-running this script phase.\necho \"SUCCESS\" > \"${SCRIPT_OUTPUT_FILE_0}\"\n";
			showEnvVarsInLog = 0;
		};
/* End PBXShellScriptBuildPhase section */

/* Begin PBXSourcesBuildPhase section */
		375E489625E825C000876195 /* Sources */ = {
			isa = PBXSourcesBuildPhase;
			buildActionMask = 2147483647;
			files = (
				37C26F9925F4F05E003BBDDE /* DatabaseController.swift in Sources */,
				375E48EA25E8364400876195 /* FirebaseNetworkManager.swift in Sources */,
				376A7CD525F56B6F005D380D /* ChangePasswordController.swift in Sources */,
				375E48E525E82D8F00876195 /* RecuperarViewController.swift in Sources */,
				37C26F9E25F4F394003BBDDE /* UserController.swift in Sources */,
				375E48A225E825C100876195 /* ViewController.swift in Sources */,
				375E48DB25E82B9B00876195 /* UserViewController.swift in Sources */,
				375E489E25E825C100876195 /* AppDelegate.swift in Sources */,
				375E48E025E82CC200876195 /* UsersListViewController.swift in Sources */,
				375469F426076328008FED87 /* SettingsViewController.swift in Sources */,
				375E48A025E825C100876195 /* SceneDelegate.swift in Sources */,
				376A7CDA25F586C5005D380D /* UserContactRelation.swift in Sources */,
				375E48D625E827D900876195 /* LoginViewController.swift in Sources */,
				375E48D125E8271900876195 /* RegisterViewController.swift in Sources */,
			);
			runOnlyForDeploymentPostprocessing = 0;
		};
		375E48AC25E825C200876195 /* Sources */ = {
			isa = PBXSourcesBuildPhase;
			buildActionMask = 2147483647;
			files = (
				375E48B525E825C200876195 /* proyectoFinCurso2APPSGPMTests.swift in Sources */,
			);
			runOnlyForDeploymentPostprocessing = 0;
		};
		375E48B725E825C200876195 /* Sources */ = {
			isa = PBXSourcesBuildPhase;
			buildActionMask = 2147483647;
			files = (
				375E48C025E825C200876195 /* proyectoFinCurso2APPSGPMUITests.swift in Sources */,
			);
			runOnlyForDeploymentPostprocessing = 0;
		};
/* End PBXSourcesBuildPhase section */

/* Begin PBXTargetDependency section */
		375E48B225E825C200876195 /* PBXTargetDependency */ = {
			isa = PBXTargetDependency;
			target = 375E489925E825C000876195 /* proyectoFinCurso2APPSGPM */;
			targetProxy = 375E48B125E825C200876195 /* PBXContainerItemProxy */;
		};
		375E48BD25E825C200876195 /* PBXTargetDependency */ = {
			isa = PBXTargetDependency;
			target = 375E489925E825C000876195 /* proyectoFinCurso2APPSGPM */;
			targetProxy = 375E48BC25E825C200876195 /* PBXContainerItemProxy */;
		};
/* End PBXTargetDependency section */

/* Begin PBXVariantGroup section */
		375E48A325E825C100876195 /* Main.storyboard */ = {
			isa = PBXVariantGroup;
			children = (
				375E48A425E825C100876195 /* Base */,
			);
			name = Main.storyboard;
			sourceTree = "<group>";
		};
		375E48A825E825C200876195 /* LaunchScreen.storyboard */ = {
			isa = PBXVariantGroup;
			children = (
				375E48A925E825C200876195 /* Base */,
			);
			name = LaunchScreen.storyboard;
			sourceTree = "<group>";
		};
/* End PBXVariantGroup section */

/* Begin XCBuildConfiguration section */
		375E48C225E825C200876195 /* Debug */ = {
			isa = XCBuildConfiguration;
			buildSettings = {
				ALWAYS_SEARCH_USER_PATHS = NO;
				CLANG_ANALYZER_NONNULL = YES;
				CLANG_ANALYZER_NUMBER_OBJECT_CONVERSION = YES_AGGRESSIVE;
				CLANG_CXX_LANGUAGE_STANDARD = "gnu++14";
				CLANG_CXX_LIBRARY = "libc++";
				CLANG_ENABLE_MODULES = YES;
				CLANG_ENABLE_OBJC_ARC = YES;
				CLANG_ENABLE_OBJC_WEAK = YES;
				CLANG_WARN_BLOCK_CAPTURE_AUTORELEASING = YES;
				CLANG_WARN_BOOL_CONVERSION = YES;
				CLANG_WARN_COMMA = YES;
				CLANG_WARN_CONSTANT_CONVERSION = YES;
				CLANG_WARN_DEPRECATED_OBJC_IMPLEMENTATIONS = YES;
				CLANG_WARN_DIRECT_OBJC_ISA_USAGE = YES_ERROR;
				CLANG_WARN_DOCUMENTATION_COMMENTS = YES;
				CLANG_WARN_EMPTY_BODY = YES;
				CLANG_WARN_ENUM_CONVERSION = YES;
				CLANG_WARN_INFINITE_RECURSION = YES;
				CLANG_WARN_INT_CONVERSION = YES;
				CLANG_WARN_NON_LITERAL_NULL_CONVERSION = YES;
				CLANG_WARN_OBJC_IMPLICIT_RETAIN_SELF = YES;
				CLANG_WARN_OBJC_LITERAL_CONVERSION = YES;
				CLANG_WARN_OBJC_ROOT_CLASS = YES_ERROR;
				CLANG_WARN_QUOTED_INCLUDE_IN_FRAMEWORK_HEADER = YES;
				CLANG_WARN_RANGE_LOOP_ANALYSIS = YES;
				CLANG_WARN_STRICT_PROTOTYPES = YES;
				CLANG_WARN_SUSPICIOUS_MOVE = YES;
				CLANG_WARN_UNGUARDED_AVAILABILITY = YES_AGGRESSIVE;
				CLANG_WARN_UNREACHABLE_CODE = YES;
				CLANG_WARN__DUPLICATE_METHOD_MATCH = YES;
				COPY_PHASE_STRIP = NO;
				DEBUG_INFORMATION_FORMAT = dwarf;
				ENABLE_STRICT_OBJC_MSGSEND = YES;
				ENABLE_TESTABILITY = YES;
				GCC_C_LANGUAGE_STANDARD = gnu11;
				GCC_DYNAMIC_NO_PIC = NO;
				GCC_NO_COMMON_BLOCKS = YES;
				GCC_OPTIMIZATION_LEVEL = 0;
				GCC_PREPROCESSOR_DEFINITIONS = (
					"DEBUG=1",
					"$(inherited)",
				);
				GCC_WARN_64_TO_32_BIT_CONVERSION = YES;
				GCC_WARN_ABOUT_RETURN_TYPE = YES_ERROR;
				GCC_WARN_UNDECLARED_SELECTOR = YES;
				GCC_WARN_UNINITIALIZED_AUTOS = YES_AGGRESSIVE;
				GCC_WARN_UNUSED_FUNCTION = YES;
				GCC_WARN_UNUSED_VARIABLE = YES;
				IPHONEOS_DEPLOYMENT_TARGET = 14.4;
				MTL_ENABLE_DEBUG_INFO = INCLUDE_SOURCE;
				MTL_FAST_MATH = YES;
				ONLY_ACTIVE_ARCH = YES;
				SDKROOT = iphoneos;
				SWIFT_ACTIVE_COMPILATION_CONDITIONS = DEBUG;
				SWIFT_OPTIMIZATION_LEVEL = "-Onone";
			};
			name = Debug;
		};
		375E48C325E825C200876195 /* Release */ = {
			isa = XCBuildConfiguration;
			buildSettings = {
				ALWAYS_SEARCH_USER_PATHS = NO;
				CLANG_ANALYZER_NONNULL = YES;
				CLANG_ANALYZER_NUMBER_OBJECT_CONVERSION = YES_AGGRESSIVE;
				CLANG_CXX_LANGUAGE_STANDARD = "gnu++14";
				CLANG_CXX_LIBRARY = "libc++";
				CLANG_ENABLE_MODULES = YES;
				CLANG_ENABLE_OBJC_ARC = YES;
				CLANG_ENABLE_OBJC_WEAK = YES;
				CLANG_WARN_BLOCK_CAPTURE_AUTORELEASING = YES;
				CLANG_WARN_BOOL_CONVERSION = YES;
				CLANG_WARN_COMMA = YES;
				CLANG_WARN_CONSTANT_CONVERSION = YES;
				CLANG_WARN_DEPRECATED_OBJC_IMPLEMENTATIONS = YES;
				CLANG_WARN_DIRECT_OBJC_ISA_USAGE = YES_ERROR;
				CLANG_WARN_DOCUMENTATION_COMMENTS = YES;
				CLANG_WARN_EMPTY_BODY = YES;
				CLANG_WARN_ENUM_CONVERSION = YES;
				CLANG_WARN_INFINITE_RECURSION = YES;
				CLANG_WARN_INT_CONVERSION = YES;
				CLANG_WARN_NON_LITERAL_NULL_CONVERSION = YES;
				CLANG_WARN_OBJC_IMPLICIT_RETAIN_SELF = YES;
				CLANG_WARN_OBJC_LITERAL_CONVERSION = YES;
				CLANG_WARN_OBJC_ROOT_CLASS = YES_ERROR;
				CLANG_WARN_QUOTED_INCLUDE_IN_FRAMEWORK_HEADER = YES;
				CLANG_WARN_RANGE_LOOP_ANALYSIS = YES;
				CLANG_WARN_STRICT_PROTOTYPES = YES;
				CLANG_WARN_SUSPICIOUS_MOVE = YES;
				CLANG_WARN_UNGUARDED_AVAILABILITY = YES_AGGRESSIVE;
				CLANG_WARN_UNREACHABLE_CODE = YES;
				CLANG_WARN__DUPLICATE_METHOD_MATCH = YES;
				COPY_PHASE_STRIP = NO;
				DEBUG_INFORMATION_FORMAT = "dwarf-with-dsym";
				ENABLE_NS_ASSERTIONS = NO;
				ENABLE_STRICT_OBJC_MSGSEND = YES;
				GCC_C_LANGUAGE_STANDARD = gnu11;
				GCC_NO_COMMON_BLOCKS = YES;
				GCC_WARN_64_TO_32_BIT_CONVERSION = YES;
				GCC_WARN_ABOUT_RETURN_TYPE = YES_ERROR;
				GCC_WARN_UNDECLARED_SELECTOR = YES;
				GCC_WARN_UNINITIALIZED_AUTOS = YES_AGGRESSIVE;
				GCC_WARN_UNUSED_FUNCTION = YES;
				GCC_WARN_UNUSED_VARIABLE = YES;
				IPHONEOS_DEPLOYMENT_TARGET = 14.4;
				MTL_ENABLE_DEBUG_INFO = NO;
				MTL_FAST_MATH = YES;
				SDKROOT = iphoneos;
				SWIFT_COMPILATION_MODE = wholemodule;
				SWIFT_OPTIMIZATION_LEVEL = "-O";
				VALIDATE_PRODUCT = YES;
			};
			name = Release;
		};
		375E48C525E825C200876195 /* Debug */ = {
			isa = XCBuildConfiguration;
			baseConfigurationReference = C0A9299BD1B309F1A6CA438B /* Pods-proyectoFinCurso2APPSGPM.debug.xcconfig */;
			buildSettings = {
				ASSETCATALOG_COMPILER_APPICON_NAME = AppIcon;
				ASSETCATALOG_COMPILER_GLOBAL_ACCENT_COLOR_NAME = AccentColor;
				CODE_SIGN_STYLE = Automatic;
				INFOPLIST_FILE = proyectoFinCurso2APPSGPM/Info.plist;
				LD_RUNPATH_SEARCH_PATHS = (
					"$(inherited)",
					"@executable_path/Frameworks",
				);
				PRODUCT_BUNDLE_IDENTIFIER = com.gparedes.proyectoFinCurso2APPSGPM;
				PRODUCT_NAME = "$(TARGET_NAME)";
				SWIFT_VERSION = 5.0;
				TARGETED_DEVICE_FAMILY = "1,2";
			};
			name = Debug;
		};
		375E48C625E825C200876195 /* Release */ = {
			isa = XCBuildConfiguration;
			baseConfigurationReference = 4CD9EB1A0808C92FD6A5EB14 /* Pods-proyectoFinCurso2APPSGPM.release.xcconfig */;
			buildSettings = {
				ASSETCATALOG_COMPILER_APPICON_NAME = AppIcon;
				ASSETCATALOG_COMPILER_GLOBAL_ACCENT_COLOR_NAME = AccentColor;
				CODE_SIGN_STYLE = Automatic;
				INFOPLIST_FILE = proyectoFinCurso2APPSGPM/Info.plist;
				LD_RUNPATH_SEARCH_PATHS = (
					"$(inherited)",
					"@executable_path/Frameworks",
				);
				PRODUCT_BUNDLE_IDENTIFIER = com.gparedes.proyectoFinCurso2APPSGPM;
				PRODUCT_NAME = "$(TARGET_NAME)";
				SWIFT_VERSION = 5.0;
				TARGETED_DEVICE_FAMILY = "1,2";
			};
			name = Release;
		};
		375E48C825E825C200876195 /* Debug */ = {
			isa = XCBuildConfiguration;
			baseConfigurationReference = 726985FFB936A00F5A498AFA /* Pods-proyectoFinCurso2APPSGPMTests.debug.xcconfig */;
			buildSettings = {
				ALWAYS_EMBED_SWIFT_STANDARD_LIBRARIES = YES;
				BUNDLE_LOADER = "$(TEST_HOST)";
				CODE_SIGN_STYLE = Automatic;
				INFOPLIST_FILE = proyectoFinCurso2APPSGPMTests/Info.plist;
				IPHONEOS_DEPLOYMENT_TARGET = 14.4;
				LD_RUNPATH_SEARCH_PATHS = (
					"$(inherited)",
					"@executable_path/Frameworks",
					"@loader_path/Frameworks",
				);
				PRODUCT_BUNDLE_IDENTIFIER = com.gparedes.proyectoFinCurso2APPSGPMTests;
				PRODUCT_NAME = "$(TARGET_NAME)";
				SWIFT_VERSION = 5.0;
				TARGETED_DEVICE_FAMILY = "1,2";
				TEST_HOST = "$(BUILT_PRODUCTS_DIR)/proyectoFinCurso2APPSGPM.app/proyectoFinCurso2APPSGPM";
			};
			name = Debug;
		};
		375E48C925E825C200876195 /* Release */ = {
			isa = XCBuildConfiguration;
			baseConfigurationReference = 8844B5798591A08D4A33DE0C /* Pods-proyectoFinCurso2APPSGPMTests.release.xcconfig */;
			buildSettings = {
				ALWAYS_EMBED_SWIFT_STANDARD_LIBRARIES = YES;
				BUNDLE_LOADER = "$(TEST_HOST)";
				CODE_SIGN_STYLE = Automatic;
				INFOPLIST_FILE = proyectoFinCurso2APPSGPMTests/Info.plist;
				IPHONEOS_DEPLOYMENT_TARGET = 14.4;
				LD_RUNPATH_SEARCH_PATHS = (
					"$(inherited)",
					"@executable_path/Frameworks",
					"@loader_path/Frameworks",
				);
				PRODUCT_BUNDLE_IDENTIFIER = com.gparedes.proyectoFinCurso2APPSGPMTests;
				PRODUCT_NAME = "$(TARGET_NAME)";
				SWIFT_VERSION = 5.0;
				TARGETED_DEVICE_FAMILY = "1,2";
				TEST_HOST = "$(BUILT_PRODUCTS_DIR)/proyectoFinCurso2APPSGPM.app/proyectoFinCurso2APPSGPM";
			};
			name = Release;
		};
		375E48CB25E825C200876195 /* Debug */ = {
			isa = XCBuildConfiguration;
			baseConfigurationReference = 28351CE07C839FD6FC77060C /* Pods-proyectoFinCurso2APPSGPM-proyectoFinCurso2APPSGPMUITests.debug.xcconfig */;
			buildSettings = {
				ALWAYS_EMBED_SWIFT_STANDARD_LIBRARIES = YES;
				CODE_SIGN_STYLE = Automatic;
				INFOPLIST_FILE = proyectoFinCurso2APPSGPMUITests/Info.plist;
				LD_RUNPATH_SEARCH_PATHS = (
					"$(inherited)",
					"@executable_path/Frameworks",
					"@loader_path/Frameworks",
				);
				PRODUCT_BUNDLE_IDENTIFIER = com.gparedes.proyectoFinCurso2APPSGPMUITests;
				PRODUCT_NAME = "$(TARGET_NAME)";
				SWIFT_VERSION = 5.0;
				TARGETED_DEVICE_FAMILY = "1,2";
				TEST_TARGET_NAME = proyectoFinCurso2APPSGPM;
			};
			name = Debug;
		};
		375E48CC25E825C200876195 /* Release */ = {
			isa = XCBuildConfiguration;
			baseConfigurationReference = 203B034D3F62EC399CB0E1C3 /* Pods-proyectoFinCurso2APPSGPM-proyectoFinCurso2APPSGPMUITests.release.xcconfig */;
			buildSettings = {
				ALWAYS_EMBED_SWIFT_STANDARD_LIBRARIES = YES;
				CODE_SIGN_STYLE = Automatic;
				INFOPLIST_FILE = proyectoFinCurso2APPSGPMUITests/Info.plist;
				LD_RUNPATH_SEARCH_PATHS = (
					"$(inherited)",
					"@executable_path/Frameworks",
					"@loader_path/Frameworks",
				);
				PRODUCT_BUNDLE_IDENTIFIER = com.gparedes.proyectoFinCurso2APPSGPMUITests;
				PRODUCT_NAME = "$(TARGET_NAME)";
				SWIFT_VERSION = 5.0;
				TARGETED_DEVICE_FAMILY = "1,2";
				TEST_TARGET_NAME = proyectoFinCurso2APPSGPM;
			};
			name = Release;
		};
/* End XCBuildConfiguration section */

/* Begin XCConfigurationList section */
		375E489525E825C000876195 /* Build configuration list for PBXProject "proyectoFinCurso2APPSGPM" */ = {
			isa = XCConfigurationList;
			buildConfigurations = (
				375E48C225E825C200876195 /* Debug */,
				375E48C325E825C200876195 /* Release */,
			);
			defaultConfigurationIsVisible = 0;
			defaultConfigurationName = Release;
		};
		375E48C425E825C200876195 /* Build configuration list for PBXNativeTarget "proyectoFinCurso2APPSGPM" */ = {
			isa = XCConfigurationList;
			buildConfigurations = (
				375E48C525E825C200876195 /* Debug */,
				375E48C625E825C200876195 /* Release */,
			);
			defaultConfigurationIsVisible = 0;
			defaultConfigurationName = Release;
		};
		375E48C725E825C200876195 /* Build configuration list for PBXNativeTarget "proyectoFinCurso2APPSGPMTests" */ = {
			isa = XCConfigurationList;
			buildConfigurations = (
				375E48C825E825C200876195 /* Debug */,
				375E48C925E825C200876195 /* Release */,
			);
			defaultConfigurationIsVisible = 0;
			defaultConfigurationName = Release;
		};
		375E48CA25E825C200876195 /* Build configuration list for PBXNativeTarget "proyectoFinCurso2APPSGPMUITests" */ = {
			isa = XCConfigurationList;
			buildConfigurations = (
				375E48CB25E825C200876195 /* Debug */,
				375E48CC25E825C200876195 /* Release */,
			);
			defaultConfigurationIsVisible = 0;
			defaultConfigurationName = Release;
		};
/* End XCConfigurationList section */
	};
	rootObject = 375E489225E825C000876195 /* Project object */;
}
